
Microsoft Visual Studio Solution File, Format Version 12.00
# Visual Studio Version 17
VisualStudioVersion = 17.1.32414.318
MinimumVisualStudioVersion = 10.0.40219.1
Project("{FAE04EC0-301F-11D3-BF4B-00C04F79EFBC}") = "GUI", "GUI\GUI.csproj", "{14493484-A30E-442A-8B35-AD62E032F937}"
EndProject
Project("{FAE04EC0-301F-11D3-BF4B-00C04F79EFBC}") = "DBSystem", "DBSystem\DBSystem.csproj", "{CB93C627-B262-4724-A507-3C270E83108E}"
EndProject
Project("{FAE04EC0-301F-11D3-BF4B-00C04F79EFBC}") = "LoginSystem", "LoginSystem\LoginSystem.csproj", "{BCFCD18C-5A99-444B-8CCD-4E4D973114D7}"
EndProject
Global
	GlobalSection(SolutionConfigurationPlatforms) = preSolution
		Debug|Any CPU = Debug|Any CPU
		Release|Any CPU = Release|Any CPU
	EndGlobalSection
	GlobalSection(ProjectConfigurationPlatforms) = postSolution
		{14493484-A30E-442A-8B35-AD62E032F937}.Debug|Any CPU.ActiveCfg = Debug|Any CPU
		{14493484-A30E-442A-8B35-AD62E032F937}.Debug|Any CPU.Build.0 = Debug|Any CPU
		{14493484-A30E-442A-8B35-AD62E032F937}.Release|Any CPU.ActiveCfg = Release|Any CPU
		{14493484-A30E-442A-8B35-AD62E032F937}.Release|Any CPU.Build.0 = Release|Any CPU
		{CB93C627-B262-4724-A507-3C270E83108E}.Debug|Any CPU.ActiveCfg = Debug|Any CPU
		{CB93C627-B262-4724-A507-3C270E83108E}.Debug|Any CPU.Build.0 = Debug|Any CPU
		{CB93C627-B262-4724-A507-3C270E83108E}.Release|Any CPU.ActiveCfg = Release|Any CPU
		{CB93C627-B262-4724-A507-3C270E83108E}.Release|Any CPU.Build.0 = Release|Any CPU
		{BCFCD18C-5A99-444B-8CCD-4E4D973114D7}.Debug|Any CPU.ActiveCfg = Debug|Any CPU
		{BCFCD18C-5A99-444B-8CCD-4E4D973114D7}.Debug|Any CPU.Build.0 = Debug|Any CPU
		{BCFCD18C-5A99-444B-8CCD-4E4D973114D7}.Release|Any CPU.ActiveCfg = Release|Any CPU
		{BCFCD18C-5A99-444B-8CCD-4E4D973114D7}.Release|Any CPU.Build.0 = Release|Any CPU
	EndGlobalSection
	GlobalSection(SolutionProperties) = preSolution
		HideSolutionNode = FALSE
	EndGlobalSection
	GlobalSection(ExtensibilityGlobals) = postSolution
		SolutionGuid = {BF5F271C-45E6-40F8-801F-1FDA5A5E2177}
	EndGlobalSection
EndGlobal
